dependencies:
  espressif/mdns:
    component_hash: 9ff9c578fc3a5ea3c68e807233e47f2ce6b2492a92d7a9356ae5c29ab45f0fde
    dependencies:
    - name: idf
      require: private
      version: '>=5.0'
    source:
      registry_url: https://components.espressif.com/
      type: service
    version: 1.3.0
  frozen-eye/esp_telnet:
    dependencies: []
    source:
      path: C:\Users\honza\Documents\AAS_Interpreter\ESP32_Firmware_ASS_Interpreter\components\frozen-eye__esp_telnet
      type: local
    version: 0.0.2
  idf:
    source:
      type: idf
    version: 5.1.6
  zorxx/neopixel:
    component_hash: 85205543f8247bf269cc4db35522ff602cd24f40ccd9e840782c0ed792163fd9
    dependencies: []
    source:
      registry_url: https://components.espressif.com/
      type: service
    version: 1.0.4
direct_dependencies:
- espressif/mdns
- frozen-eye/esp_telnet
- idf
- zorxx/neopixel
manifest_hash: 7e9e915a092a0319d5178a7fc5a979f7fc2192ac727e631d5d6c0e4786798d8b
target: esp32s3
version: 2.0.0
